{
  "version": 4,
  "terraform_version": "1.0.1",
  "serial": 4,
  "lineage": "c0cf6ee3-2bb1-9abd-096d-4c4e14c79093",
  "outputs": {
    "endpoint": {
      "value": "34.118.111.40",
      "type": "string"
    },
    "master_version": {
      "value": "1.19.9-gke.1900",
      "type": "string"
    }
  },
  "resources": [
    {
      "mode": "managed",
      "type": "google_container_cluster",
      "name": "default",
      "provider": "provider[\"registry.terraform.io/hashicorp/google\"]",
      "instances": [
        {
          "schema_version": 1,
          "attributes": {
            "addons_config": [
              {
                "cloudrun_config": [],
                "horizontal_pod_autoscaling": [],
                "http_load_balancing": [],
                "network_policy_config": [
                  {
                    "disabled": true
                  }
                ]
              }
            ],
            "authenticator_groups_config": [],
            "cluster_autoscaling": [
              {
                "auto_provisioning_defaults": [],
                "enabled": false,
                "resource_limits": []
              }
            ],
            "cluster_ipv4_cidr": "10.0.0.0/14",
            "database_encryption": [
              {
                "key_name": "",
                "state": "DECRYPTED"
              }
            ],
            "datapath_provider": "",
            "default_max_pods_per_node": null,
            "default_snat_status": [
              {
                "disabled": false
              }
            ],
            "description": "",
            "enable_autopilot": false,
            "enable_binary_authorization": false,
            "enable_intranode_visibility": false,
            "enable_kubernetes_alpha": false,
            "enable_legacy_abac": false,
            "enable_shielded_nodes": false,
            "enable_tpu": false,
            "endpoint": "34.118.111.40",
            "id": "projects/stone-bongo-319012/locations/europe-central2-a/clusters/projet-infra-helder1",
            "initial_node_count": 3,
            "instance_group_urls": [
              "https://www.googleapis.com/compute/v1/projects/stone-bongo-319012/zones/europe-central2-a/instanceGroups/gke-projet-infra-helder1-default-pool-c57ec41e-grp"
            ],
            "ip_allocation_policy": [],
            "label_fingerprint": "a9dc16a7",
            "location": "europe-central2-a",
            "logging_service": "logging.googleapis.com/kubernetes",
            "maintenance_policy": [],
            "master_auth": [
              {
                "client_certificate": "",
                "client_certificate_config": [
                  {
                    "issue_client_certificate": false
                  }
                ],
                "client_key": "",
                "cluster_ca_certificate": "LS0tLS1CRUdJTiBDRVJUSUZJQ0FURS0tLS0tCk1JSURLekNDQWhPZ0F3SUJBZ0lSQUk4Rkg1emZhVGZxeGJjRUkyODlDTE13RFFZSktvWklodmNOQVFFTEJRQXcKTHpFdE1Dc0dBMVVFQXhNa1pUTXlZVEExTlRRdE9UZzRPQzAwWVdZd0xUbGlNak10TURSaVptRmxZbVE0WldVeQpNQjRYRFRJeE1EY3lOekU1TlRVMU1Gb1hEVEkyTURjeU5qSXdOVFUxTUZvd0x6RXRNQ3NHQTFVRUF4TWtaVE15CllUQTFOVFF0T1RnNE9DMDBZV1l3TFRsaU1qTXRNRFJpWm1GbFltUTRaV1V5TUlJQklqQU5CZ2txaGtpRzl3MEIKQVFFRkFBT0NBUThBTUlJQkNnS0NBUUVBb0JVVldzRzcxVGVzMjJqZ1A4c2F6WjBSYWR1TVd1Y1pMOHoxc1V0Qgp4K05Rc3k4WUx3VTFXQjd4dXcwQ0EwaXp6MmVEUCs5RllHRWNGK2pSWWxEM0YzdE1Rb01aV1NndWhKcXhaZDJvCkwzTUdHcUpSQzJrV0FKUnB4djBwbEh2L1lFQk5GM2w4SW1FRGloTXp5OHNIQUpFMi9xbHgwMGJMR1dCOU13QTQKdERsV25sOTlSUnhvL21NYVkzdysvZnZLUTR1SXZQbWxqU1RWa0Rsd1F3a1B6aElHN3dIcXl5emdvbW1HdXQycwpWU2xRQitTYVY2OW9ieWx6N3VzK3VZUi9KOTQraldVV2d2MnkyYzhNekF3RkpCd1REMU03VVNKK3pkZjUxYlZ5CkxweUF0QVhYUjlBaDREUCtVVGt4bmtNOXJPKytmdDIrYUIrTm5KOXRrSXI1eHdJREFRQUJvMEl3UURBT0JnTlYKSFE4QkFmOEVCQU1DQWdRd0R3WURWUjBUQVFIL0JBVXdBd0VCL3pBZEJnTlZIUTRFRmdRVThZakswb3RZM045cwp6TmF3WTU4OW05SGVYbVl3RFFZSktvWklodmNOQVFFTEJRQURnZ0VCQUJVV1dDT3BGTGU4czRveERlSnA5R2lSCmpYczN0Z0I2SzRFcmNLck94VlQvU3ZSWktqSTBYUXl6MkJxenhzalloL0tPQ0pWWVdJMW5meGQ5UWRPRzh5VisKODVEYkFlYXlSNnFOMS9WdERqWVVCUzB6dTJJSmZzNGRPUVlQWHJWYzRKUTZoTzFjTnhibExEbG14OFJUOW5BMwpOcnovc3FCVnM5ZDc5THpycWVJamFHMnhhbUFqRGpUbFJUWlhoS2dVRWNvK284eGpudHhoQTdhUUxjWGhYUkNHCnRmdzlFejZYbzVvKytrV0JFaW13bFYzZnNabkoyTzRLdzBOZ0QwMkEvMWVjdnFwZ1B3bktVbHA0OGtoWFlJVkYKOC9IQnBDeHFnRXlnUWVoS21hb3YwM3BsYmV0aWQ5YmhhcmtzVHorWWFaZ3JKdkxsNmxZSTBoVk5lOThTQXlzPQotLS0tLUVORCBDRVJUSUZJQ0FURS0tLS0tCg==",
                "password": "",
                "username": ""
              }
            ],
            "master_authorized_networks_config": [],
            "master_version": "1.19.9-gke.1900",
            "min_master_version": null,
            "monitoring_service": "monitoring.googleapis.com/kubernetes",
            "name": "projet-infra-helder1",
            "network": "projects/stone-bongo-319012/global/networks/default",
            "network_policy": [
              {
                "enabled": false,
                "provider": "PROVIDER_UNSPECIFIED"
              }
            ],
            "networking_mode": "ROUTES",
            "node_config": [
              {
                "disk_size_gb": 100,
                "disk_type": "pd-standard",
                "guest_accelerator": [],
                "image_type": "COS_CONTAINERD",
                "labels": {},
                "local_ssd_count": 0,
                "machine_type": "e2-medium",
                "metadata": {
                  "disable-legacy-endpoints": "true"
                },
                "min_cpu_platform": "",
                "oauth_scopes": [
                  "https://www.googleapis.com/auth/devstorage.read_only",
                  "https://www.googleapis.com/auth/logging.write",
                  "https://www.googleapis.com/auth/monitoring",
                  "https://www.googleapis.com/auth/service.management.readonly",
                  "https://www.googleapis.com/auth/servicecontrol",
                  "https://www.googleapis.com/auth/trace.append"
                ],
                "preemptible": false,
                "service_account": "default",
                "shielded_instance_config": [
                  {
                    "enable_integrity_monitoring": true,
                    "enable_secure_boot": false
                  }
                ],
                "tags": [],
                "taint": [],
                "workload_metadata_config": []
              }
            ],
            "node_locations": [],
            "node_pool": [
              {
                "autoscaling": [],
                "initial_node_count": 3,
                "instance_group_urls": [
                  "https://www.googleapis.com/compute/v1/projects/stone-bongo-319012/zones/europe-central2-a/instanceGroupManagers/gke-projet-infra-helder1-default-pool-c57ec41e-grp"
                ],
                "management": [
                  {
                    "auto_repair": true,
                    "auto_upgrade": true
                  }
                ],
                "max_pods_per_node": 0,
                "name": "default-pool",
                "name_prefix": "",
                "node_config": [
                  {
                    "disk_size_gb": 100,
                    "disk_type": "pd-standard",
                    "guest_accelerator": [],
                    "image_type": "COS_CONTAINERD",
                    "labels": {},
                    "local_ssd_count": 0,
                    "machine_type": "e2-medium",
                    "metadata": {
                      "disable-legacy-endpoints": "true"
                    },
                    "min_cpu_platform": "",
                    "oauth_scopes": [
                      "https://www.googleapis.com/auth/devstorage.read_only",
                      "https://www.googleapis.com/auth/logging.write",
                      "https://www.googleapis.com/auth/monitoring",
                      "https://www.googleapis.com/auth/service.management.readonly",
                      "https://www.googleapis.com/auth/servicecontrol",
                      "https://www.googleapis.com/auth/trace.append"
                    ],
                    "preemptible": false,
                    "service_account": "default",
                    "shielded_instance_config": [
                      {
                        "enable_integrity_monitoring": true,
                        "enable_secure_boot": false
                      }
                    ],
                    "tags": [],
                    "taint": [],
                    "workload_metadata_config": []
                  }
                ],
                "node_count": 3,
                "node_locations": [
                  "europe-central2-a"
                ],
                "upgrade_settings": [
                  {
                    "max_surge": 1,
                    "max_unavailable": 0
                  }
                ],
                "version": "1.19.9-gke.1900"
              }
            ],
            "node_version": "1.19.9-gke.1900",
            "operation": null,
            "pod_security_policy_config": [],
            "private_cluster_config": [],
            "private_ipv6_google_access": "",
            "project": "stone-bongo-319012",
            "release_channel": [
              {
                "channel": "REGULAR"
              }
            ],
            "remove_default_node_pool": null,
            "resource_labels": null,
            "resource_usage_export_config": [],
            "self_link": "https://container.googleapis.com/v1beta1/projects/stone-bongo-319012/zones/europe-central2-a/clusters/projet-infra-helder1",
            "services_ipv4_cidr": "10.3.240.0/20",
            "subnetwork": "projects/stone-bongo-319012/regions/europe-central2/subnetworks/default",
            "timeouts": null,
            "tpu_ipv4_cidr_block": "",
            "vertical_pod_autoscaling": [],
            "workload_identity_config": []
          },
          "sensitive_attributes": [],
          "private": "eyJlMmJmYjczMC1lY2FhLTExZTYtOGY4OC0zNDM2M2JjN2M0YzAiOnsiY3JlYXRlIjoyNDAwMDAwMDAwMDAwLCJkZWxldGUiOjI0MDAwMDAwMDAwMDAsInJlYWQiOjI0MDAwMDAwMDAwMDAsInVwZGF0ZSI6MzYwMDAwMDAwMDAwMH0sInNjaGVtYV92ZXJzaW9uIjoiMSJ9"
        }
      ]
    }
  ]
}
